
Microsoft Visual Studio Solution File, Format Version 12.00
# Visual Studio Version 16
VisualStudioVersion = 16.0.28803.352
MinimumVisualStudioVersion = 10.0.40219.1
Project("{FAE04EC0-301F-11D3-BF4B-00C04F79EFBC}") = "MusicStore", "MusicStore\MusicStore.csproj", "{CB80C82C-5E38-4CC3-AF61-D4479A5A9729}"
EndProject
Project("{FAE04EC0-301F-11D3-BF4B-00C04F79EFBC}") = "MusicStore.Tests", "MusicStore.Tests\MusicStore.Tests.csproj", "{C7B22E79-4A9D-44BF-9D0A-E38C04B4DEEF}"
EndProject
Project("{9A19103F-16F7-4668-BE54-9A1E7A4F7556}") = "MusicStore.WebHost", "MusicStore.WebHost\MusicStore.WebHost.csproj", "{E93474C7-9766-4B44-81A3-097E2DE0C5E4}"
EndProject
Project("{2150E333-8FDC-42A3-9474-1A3956D46DE8}") = "src", "src", "{2283CB07-3B55-4EE5-A0A3-081B99CB8034}"
EndProject
Project("{2150E333-8FDC-42A3-9474-1A3956D46DE8}") = "test", "test", "{9AFC3DAC-C59A-4DD0-9966-7E865D517DF4}"
EndProject
Project("{2150E333-8FDC-42A3-9474-1A3956D46DE8}") = "Solution Items", "Solution Items", "{6EF99373-ED57-4028-A4CC-2469E6D68ECD}"
EndProject
Project("{2150E333-8FDC-42A3-9474-1A3956D46DE8}") = "git", "git", "{DC1EDF98-9CA6-4FB5-9081-405B11B4C115}"
	ProjectSection(SolutionItems) = preProject
		..\.gitattributes = ..\.gitattributes
		..\.gitignore = ..\.gitignore
	EndProjectSection
EndProject
Project("{2150E333-8FDC-42A3-9474-1A3956D46DE8}") = "tools", "tools", "{25AE3203-B778-4A05-9124-D65A07ADF48B}"
EndProject
Project("{9A19103F-16F7-4668-BE54-9A1E7A4F7556}") = "MusicStore.DbSeed", "MusicStore.DbSeed\MusicStore.DbSeed.csproj", "{FF275F5F-BEBC-41CC-A9A8-584625906227}"
EndProject
Project("{FAE04EC0-301F-11D3-BF4B-00C04F79EFBC}") = "MusicStore.SiteMap", "MusicStore.SiteMap\MusicStore.SiteMap.csproj", "{D671D513-A711-4DDF-9A2B-0409FE709517}"
EndProject
Global
	GlobalSection(SolutionConfigurationPlatforms) = preSolution
		Debug|Any CPU = Debug|Any CPU
		Release|Any CPU = Release|Any CPU
	EndGlobalSection
	GlobalSection(ProjectConfigurationPlatforms) = postSolution
		{CB80C82C-5E38-4CC3-AF61-D4479A5A9729}.Debug|Any CPU.ActiveCfg = Debug|Any CPU
		{CB80C82C-5E38-4CC3-AF61-D4479A5A9729}.Debug|Any CPU.Build.0 = Debug|Any CPU
		{CB80C82C-5E38-4CC3-AF61-D4479A5A9729}.Release|Any CPU.ActiveCfg = Release|Any CPU
		{CB80C82C-5E38-4CC3-AF61-D4479A5A9729}.Release|Any CPU.Build.0 = Release|Any CPU
		{C7B22E79-4A9D-44BF-9D0A-E38C04B4DEEF}.Debug|Any CPU.ActiveCfg = Debug|Any CPU
		{C7B22E79-4A9D-44BF-9D0A-E38C04B4DEEF}.Debug|Any CPU.Build.0 = Debug|Any CPU
		{C7B22E79-4A9D-44BF-9D0A-E38C04B4DEEF}.Release|Any CPU.ActiveCfg = Release|Any CPU
		{C7B22E79-4A9D-44BF-9D0A-E38C04B4DEEF}.Release|Any CPU.Build.0 = Release|Any CPU
		{E93474C7-9766-4B44-81A3-097E2DE0C5E4}.Debug|Any CPU.ActiveCfg = Debug|Any CPU
		{E93474C7-9766-4B44-81A3-097E2DE0C5E4}.Debug|Any CPU.Build.0 = Debug|Any CPU
		{E93474C7-9766-4B44-81A3-097E2DE0C5E4}.Release|Any CPU.ActiveCfg = Release|Any CPU
		{E93474C7-9766-4B44-81A3-097E2DE0C5E4}.Release|Any CPU.Build.0 = Release|Any CPU
		{FF275F5F-BEBC-41CC-A9A8-584625906227}.Debug|Any CPU.ActiveCfg = Debug|Any CPU
		{FF275F5F-BEBC-41CC-A9A8-584625906227}.Debug|Any CPU.Build.0 = Debug|Any CPU
		{FF275F5F-BEBC-41CC-A9A8-584625906227}.Release|Any CPU.ActiveCfg = Release|Any CPU
		{FF275F5F-BEBC-41CC-A9A8-584625906227}.Release|Any CPU.Build.0 = Release|Any CPU
		{D671D513-A711-4DDF-9A2B-0409FE709517}.Debug|Any CPU.ActiveCfg = Debug|Any CPU
		{D671D513-A711-4DDF-9A2B-0409FE709517}.Debug|Any CPU.Build.0 = Debug|Any CPU
		{D671D513-A711-4DDF-9A2B-0409FE709517}.Release|Any CPU.ActiveCfg = Release|Any CPU
		{D671D513-A711-4DDF-9A2B-0409FE709517}.Release|Any CPU.Build.0 = Release|Any CPU
	EndGlobalSection
	GlobalSection(SolutionProperties) = preSolution
		HideSolutionNode = FALSE
	EndGlobalSection
	GlobalSection(NestedProjects) = preSolution
		{E93474C7-9766-4B44-81A3-097E2DE0C5E4} = {2283CB07-3B55-4EE5-A0A3-081B99CB8034}
		{DC1EDF98-9CA6-4FB5-9081-405B11B4C115} = {6EF99373-ED57-4028-A4CC-2469E6D68ECD}
		{FF275F5F-BEBC-41CC-A9A8-584625906227} = {25AE3203-B778-4A05-9124-D65A07ADF48B}
		{D671D513-A711-4DDF-9A2B-0409FE709517} = {2283CB07-3B55-4EE5-A0A3-081B99CB8034}
	EndGlobalSection
	GlobalSection(ExtensibilityGlobals) = postSolution
		SolutionGuid = {7E294E49-1150-482E-A35C-5DC4600C20AC}
	EndGlobalSection
EndGlobal
